
Microsoft Visual Studio Solution File, Format Version 12.00
# Visual Studio Version 17
VisualStudioVersion = 17.14.36717.8 d17.14
MinimumVisualStudioVersion = 10.0.40219.1
Project("{FAE04EC0-301F-11D3-BF4B-00C04F79EFBC}") = "moza_sdk_test", "moza_sdk_test.csproj", "{A179B606-BA0D-4423-A497-0C840DDB903A}"
EndProject
Global
	GlobalSection(SolutionConfigurationPlatforms) = preSolution
		Debug|Any CPU = Debug|Any CPU
		Release|Any CPU = Release|Any CPU
	EndGlobalSection
	GlobalSection(ProjectConfigurationPlatforms) = postSolution
		{A179B606-BA0D-4423-A497-0C840DDB903A}.Debug|Any CPU.ActiveCfg = Debug|Any CPU
		{A179B606-BA0D-4423-A497-0C840DDB903A}.Debug|Any CPU.Build.0 = Debug|Any CPU
		{A179B606-BA0D-4423-A497-0C840DDB903A}.Release|Any CPU.ActiveCfg = Release|Any CPU
		{A179B606-BA0D-4423-A497-0C840DDB903A}.Release|Any CPU.Build.0 = Release|Any CPU
	EndGlobalSection
	GlobalSection(SolutionProperties) = preSolution
		HideSolutionNode = FALSE
	EndGlobalSection
	GlobalSection(ExtensibilityGlobals) = postSolution
		SolutionGuid = {424026C9-739C-427E-8F1C-B2BE4337E4C9}
	EndGlobalSection
EndGlobal
